
Microsoft Visual Studio Solution File, Format Version 12.00
# Visual Studio 2013
VisualStudioVersion = 12.0.0.0
MinimumVisualStudioVersion = 10.0.0.1
Project("{FAE04EC0-301F-11D3-BF4B-00C04F79EFBC}") = "ClassLibrary", "ClassLibrary\ClassLibrary.csproj", "{5DD6E0F9-7445-43A6-A4CE-B5F3C0C68195}"
EndProject
Project("{FAE04EC0-301F-11D3-BF4B-00C04F79EFBC}") = "GUSAnalyzer.Launcher", "GUSAnalyzer.Launcher\GUSAnalyzer.Launcher.csproj", "{66783245-109F-418C-A8EA-D990EB6A037A}"
EndProject
Project("{FAE04EC0-301F-11D3-BF4B-00C04F79EFBC}") = "MvcApplication", "MvcApplication\MvcApplication.csproj", "{E7C5FB5B-513D-4AE2-9B84-01D1526D3FC2}"
EndProject
Global
	GlobalSection(SolutionConfigurationPlatforms) = preSolution
		Debug|Any CPU = Debug|Any CPU
		Release|Any CPU = Release|Any CPU
	EndGlobalSection
	GlobalSection(ProjectConfigurationPlatforms) = postSolution
		{5DD6E0F9-7445-43A6-A4CE-B5F3C0C68195}.Debug|Any CPU.ActiveCfg = Debug|Any CPU
		{5DD6E0F9-7445-43A6-A4CE-B5F3C0C68195}.Debug|Any CPU.Build.0 = Debug|Any CPU
		{5DD6E0F9-7445-43A6-A4CE-B5F3C0C68195}.Release|Any CPU.ActiveCfg = Release|Any CPU
		{5DD6E0F9-7445-43A6-A4CE-B5F3C0C68195}.Release|Any CPU.Build.0 = Release|Any CPU
		{66783245-109F-418C-A8EA-D990EB6A037A}.Debug|Any CPU.ActiveCfg = Debug|Any CPU
		{66783245-109F-418C-A8EA-D990EB6A037A}.Debug|Any CPU.Build.0 = Debug|Any CPU
		{66783245-109F-418C-A8EA-D990EB6A037A}.Release|Any CPU.ActiveCfg = Release|Any CPU
		{66783245-109F-418C-A8EA-D990EB6A037A}.Release|Any CPU.Build.0 = Release|Any CPU
		{E7C5FB5B-513D-4AE2-9B84-01D1526D3FC2}.Debug|Any CPU.ActiveCfg = Debug|Any CPU
		{E7C5FB5B-513D-4AE2-9B84-01D1526D3FC2}.Debug|Any CPU.Build.0 = Debug|Any CPU
		{E7C5FB5B-513D-4AE2-9B84-01D1526D3FC2}.Release|Any CPU.ActiveCfg = Release|Any CPU
		{E7C5FB5B-513D-4AE2-9B84-01D1526D3FC2}.Release|Any CPU.Build.0 = Release|Any CPU
	EndGlobalSection
	GlobalSection(SolutionProperties) = preSolution
		HideSolutionNode = FALSE
	EndGlobalSection
EndGlobal
