
Microsoft Visual Studio Solution File, Format Version 12.00
# Visual Studio 15
VisualStudioVersion = 15.0.26730.16
MinimumVisualStudioVersion = 10.0.40219.1
Project("{9A19103F-16F7-4668-BE54-9A1E7A4F7556}") = "PizzaStore.BLL", "Pizza.BLL\PizzaStore.BLL.csproj", "{C53CE665-7BF2-4EDA-BAC2-3838FF735C5A}"
EndProject
Project("{9A19103F-16F7-4668-BE54-9A1E7A4F7556}") = "PizzaStore.DAL", "Pizza.DAL\PizzaStore.DAL.csproj", "{78825266-6279-45CA-9435-942560BB1B1F}"
EndProject
Project("{FAE04EC0-301F-11D3-BF4B-00C04F79EFBC}") = "PizzaStore", "PizzaStore\PizzaStore.csproj", "{DFC8A68B-845E-4317-A9EC-EFE1F4A319FF}"
EndProject
Global
	GlobalSection(SolutionConfigurationPlatforms) = preSolution
		Debug|Any CPU = Debug|Any CPU
		Release|Any CPU = Release|Any CPU
	EndGlobalSection
	GlobalSection(ProjectConfigurationPlatforms) = postSolution
		{C53CE665-7BF2-4EDA-BAC2-3838FF735C5A}.Debug|Any CPU.ActiveCfg = Debug|Any CPU
		{C53CE665-7BF2-4EDA-BAC2-3838FF735C5A}.Debug|Any CPU.Build.0 = Debug|Any CPU
		{C53CE665-7BF2-4EDA-BAC2-3838FF735C5A}.Release|Any CPU.ActiveCfg = Release|Any CPU
		{C53CE665-7BF2-4EDA-BAC2-3838FF735C5A}.Release|Any CPU.Build.0 = Release|Any CPU
		{78825266-6279-45CA-9435-942560BB1B1F}.Debug|Any CPU.ActiveCfg = Debug|Any CPU
		{78825266-6279-45CA-9435-942560BB1B1F}.Debug|Any CPU.Build.0 = Debug|Any CPU
		{78825266-6279-45CA-9435-942560BB1B1F}.Release|Any CPU.ActiveCfg = Release|Any CPU
		{78825266-6279-45CA-9435-942560BB1B1F}.Release|Any CPU.Build.0 = Release|Any CPU
		{DFC8A68B-845E-4317-A9EC-EFE1F4A319FF}.Debug|Any CPU.ActiveCfg = Debug|Any CPU
		{DFC8A68B-845E-4317-A9EC-EFE1F4A319FF}.Debug|Any CPU.Build.0 = Debug|Any CPU
		{DFC8A68B-845E-4317-A9EC-EFE1F4A319FF}.Release|Any CPU.ActiveCfg = Release|Any CPU
		{DFC8A68B-845E-4317-A9EC-EFE1F4A319FF}.Release|Any CPU.Build.0 = Release|Any CPU
	EndGlobalSection
	GlobalSection(SolutionProperties) = preSolution
		HideSolutionNode = FALSE
	EndGlobalSection
	GlobalSection(ExtensibilityGlobals) = postSolution
		SolutionGuid = {853D010B-D0C6-4BEE-BE84-7A59628101B2}
	EndGlobalSection
EndGlobal
