
Microsoft Visual Studio Solution File, Format Version 12.00
# Visual Studio 15
VisualStudioVersion = 15.0.26730.16
MinimumVisualStudioVersion = 10.0.40219.1
Project("{FAE04EC0-301F-11D3-BF4B-00C04F79EFBC}") = "Scheduler", "Scheduler\Scheduler.csproj", "{81245F35-8EAB-4076-9BAA-01BB4CD24666}"
EndProject
Project("{FAE04EC0-301F-11D3-BF4B-00C04F79EFBC}") = "Scheduler.Parser", "Scheduler.Parser\Scheduler.Parser.csproj", "{CDE920DA-EC0C-4C8B-8661-A1B0E20B86F2}"
EndProject
Project("{FAE04EC0-301F-11D3-BF4B-00C04F79EFBC}") = "Scheduler.Mailer", "Scheduler.Mailer\Scheduler.Mailer.csproj", "{A7AE8FD9-FE2D-45A0-A805-33F457E8DC0D}"
EndProject
Project("{FAE04EC0-301F-11D3-BF4B-00C04F79EFBC}") = "Scheduler.Receiver", "Scheduler.Receiver\Scheduler.Receiver.csproj", "{AE8C3F80-0A10-44FC-B650-04B58DA15081}"
EndProject
Project("{FAE04EC0-301F-11D3-BF4B-00C04F79EFBC}") = "Shared", "Shared\Shared.csproj", "{D721677D-DC08-4303-B598-140A9193AC0B}"
EndProject
Project("{FAE04EC0-301F-11D3-BF4B-00C04F79EFBC}") = "Scheduler.Sender", "Scheduler.Sender\Scheduler.Sender.csproj", "{110E1A17-3997-4D7E-8020-74233E988B92}"
EndProject
Global
	GlobalSection(SolutionConfigurationPlatforms) = preSolution
		Debug|Any CPU = Debug|Any CPU
		Release|Any CPU = Release|Any CPU
	EndGlobalSection
	GlobalSection(ProjectConfigurationPlatforms) = postSolution
		{81245F35-8EAB-4076-9BAA-01BB4CD24666}.Debug|Any CPU.ActiveCfg = Debug|Any CPU
		{81245F35-8EAB-4076-9BAA-01BB4CD24666}.Debug|Any CPU.Build.0 = Debug|Any CPU
		{81245F35-8EAB-4076-9BAA-01BB4CD24666}.Release|Any CPU.ActiveCfg = Release|Any CPU
		{81245F35-8EAB-4076-9BAA-01BB4CD24666}.Release|Any CPU.Build.0 = Release|Any CPU
		{CDE920DA-EC0C-4C8B-8661-A1B0E20B86F2}.Debug|Any CPU.ActiveCfg = Debug|Any CPU
		{CDE920DA-EC0C-4C8B-8661-A1B0E20B86F2}.Debug|Any CPU.Build.0 = Debug|Any CPU
		{CDE920DA-EC0C-4C8B-8661-A1B0E20B86F2}.Release|Any CPU.ActiveCfg = Release|Any CPU
		{CDE920DA-EC0C-4C8B-8661-A1B0E20B86F2}.Release|Any CPU.Build.0 = Release|Any CPU
		{A7AE8FD9-FE2D-45A0-A805-33F457E8DC0D}.Debug|Any CPU.ActiveCfg = Debug|Any CPU
		{A7AE8FD9-FE2D-45A0-A805-33F457E8DC0D}.Debug|Any CPU.Build.0 = Debug|Any CPU
		{A7AE8FD9-FE2D-45A0-A805-33F457E8DC0D}.Release|Any CPU.ActiveCfg = Release|Any CPU
		{A7AE8FD9-FE2D-45A0-A805-33F457E8DC0D}.Release|Any CPU.Build.0 = Release|Any CPU
		{AE8C3F80-0A10-44FC-B650-04B58DA15081}.Debug|Any CPU.ActiveCfg = Debug|Any CPU
		{AE8C3F80-0A10-44FC-B650-04B58DA15081}.Debug|Any CPU.Build.0 = Debug|Any CPU
		{AE8C3F80-0A10-44FC-B650-04B58DA15081}.Release|Any CPU.ActiveCfg = Release|Any CPU
		{AE8C3F80-0A10-44FC-B650-04B58DA15081}.Release|Any CPU.Build.0 = Release|Any CPU
		{D721677D-DC08-4303-B598-140A9193AC0B}.Debug|Any CPU.ActiveCfg = Debug|Any CPU
		{D721677D-DC08-4303-B598-140A9193AC0B}.Debug|Any CPU.Build.0 = Debug|Any CPU
		{D721677D-DC08-4303-B598-140A9193AC0B}.Release|Any CPU.ActiveCfg = Release|Any CPU
		{D721677D-DC08-4303-B598-140A9193AC0B}.Release|Any CPU.Build.0 = Release|Any CPU
		{110E1A17-3997-4D7E-8020-74233E988B92}.Debug|Any CPU.ActiveCfg = Debug|Any CPU
		{110E1A17-3997-4D7E-8020-74233E988B92}.Debug|Any CPU.Build.0 = Debug|Any CPU
		{110E1A17-3997-4D7E-8020-74233E988B92}.Release|Any CPU.ActiveCfg = Release|Any CPU
		{110E1A17-3997-4D7E-8020-74233E988B92}.Release|Any CPU.Build.0 = Release|Any CPU
	EndGlobalSection
	GlobalSection(SolutionProperties) = preSolution
		HideSolutionNode = FALSE
	EndGlobalSection
	GlobalSection(ExtensibilityGlobals) = postSolution
		SolutionGuid = {B282435C-E185-4858-B346-1C57DE7EB797}
	EndGlobalSection
EndGlobal
